
Microsoft Visual Studio Solution File, Format Version 12.00
# Visual Studio Version 16
VisualStudioVersion = 16.0.31613.86
MinimumVisualStudioVersion = 10.0.40219.1
Project("{FAE04EC0-301F-11D3-BF4B-00C04F79EFBC}") = "PrintDiomandDemo", "PrintDiomandDemo.csproj", "{334829A7-2701-4842-8604-541994987D32}"
EndProject
Global
	GlobalSection(SolutionConfigurationPlatforms) = preSolution
		Debug|Any CPU = Debug|Any CPU
		Release|Any CPU = Release|Any CPU
	EndGlobalSection
	GlobalSection(ProjectConfigurationPlatforms) = postSolution
		{334829A7-2701-4842-8604-541994987D32}.Debug|Any CPU.ActiveCfg = Debug|Any CPU
		{334829A7-2701-4842-8604-541994987D32}.Debug|Any CPU.Build.0 = Debug|Any CPU
		{334829A7-2701-4842-8604-541994987D32}.Release|Any CPU.ActiveCfg = Release|Any CPU
		{334829A7-2701-4842-8604-541994987D32}.Release|Any CPU.Build.0 = Release|Any CPU
	EndGlobalSection
	GlobalSection(SolutionProperties) = preSolution
		HideSolutionNode = FALSE
	EndGlobalSection
	GlobalSection(ExtensibilityGlobals) = postSolution
		SolutionGuid = {260A80D9-1387-483D-A340-A5CA1C577D0D}
	EndGlobalSection
EndGlobal
